
Microsoft Visual Studio Solution File, Format Version 12.00
# Visual Studio Version 17
VisualStudioVersion = 17.11.35017.193
MinimumVisualStudioVersion = 10.0.40219.1
Project("{9A19103F-16F7-4668-BE54-9A1E7A4F7556}") = "Ace", "Ace\Ace.csproj", "{04D765A7-FB86-4D27-8871-A60F0E18BBA3}"
EndProject
Project("{9A19103F-16F7-4668-BE54-9A1E7A4F7556}") = "Ace.Audio", "Ace.Audio\Ace.Audio.csproj", "{AC6DBBBB-9129-4FFA-B389-14CCBC0C3DAB}"
EndProject
Global
	GlobalSection(SolutionConfigurationPlatforms) = preSolution
		Debug|Any CPU = Debug|Any CPU
		Release|Any CPU = Release|Any CPU
	EndGlobalSection
	GlobalSection(ProjectConfigurationPlatforms) = postSolution
		{04D765A7-FB86-4D27-8871-A60F0E18BBA3}.Debug|Any CPU.ActiveCfg = Debug|Any CPU
		{04D765A7-FB86-4D27-8871-A60F0E18BBA3}.Debug|Any CPU.Build.0 = Debug|Any CPU
		{04D765A7-FB86-4D27-8871-A60F0E18BBA3}.Release|Any CPU.ActiveCfg = Release|Any CPU
		{04D765A7-FB86-4D27-8871-A60F0E18BBA3}.Release|Any CPU.Build.0 = Release|Any CPU
		{AC6DBBBB-9129-4FFA-B389-14CCBC0C3DAB}.Debug|Any CPU.ActiveCfg = Debug|Any CPU
		{AC6DBBBB-9129-4FFA-B389-14CCBC0C3DAB}.Debug|Any CPU.Build.0 = Debug|Any CPU
		{AC6DBBBB-9129-4FFA-B389-14CCBC0C3DAB}.Release|Any CPU.ActiveCfg = Release|Any CPU
		{AC6DBBBB-9129-4FFA-B389-14CCBC0C3DAB}.Release|Any CPU.Build.0 = Release|Any CPU
	EndGlobalSection
	GlobalSection(SolutionProperties) = preSolution
		HideSolutionNode = FALSE
	EndGlobalSection
	GlobalSection(ExtensibilityGlobals) = postSolution
		SolutionGuid = {C889CA00-0CD7-475A-A73A-957A40B4007F}
	EndGlobalSection
EndGlobal
